
Microsoft Visual Studio Solution File, Format Version 12.00
# Visual Studio 15
VisualStudioVersion = 15.0.28307.329
MinimumVisualStudioVersion = 10.0.40219.1
Project("{FAE04EC0-301F-11D3-BF4B-00C04F79EFBC}") = "Elite.Neutrino.Services", "Elite.Neutrino.Services\Elite.Neutrino.Services.csproj", "{C1777E7D-D5D3-4539-81D3-FF8878818F9B}"
EndProject
Project("{FAE04EC0-301F-11D3-BF4B-00C04F79EFBC}") = "Neutrino.Data.Synchronization", "Neutrino.Data.Synchronization\Neutrino.Data.Synchronization.csproj", "{C007CEF6-3BD3-43D6-AC76-0B60F3659E0A}"
EndProject
Project("{FAE04EC0-301F-11D3-BF4B-00C04F79EFBC}") = "Neutrino.External.Sevices", "Neutrino.External.Sevices\Neutrino.External.Sevices.csproj", "{B65DB914-F117-455F-97D3-4F208A9CDA96}"
EndProject
Project("{FAE04EC0-301F-11D3-BF4B-00C04F79EFBC}") = "ServiceDebuggerHelper", "ServiceDebuggerHelper\ServiceDebuggerHelper.csproj", "{E058864C-20A7-43C0-8EFF-0E4EB9D02855}"
EndProject
Project("{FAE04EC0-301F-11D3-BF4B-00C04F79EFBC}") = "Neutrino.Business", "Neutrino.Business\Neutrino.Business.csproj", "{02298FDD-EE84-47B1-97E9-11CF68B03ADC}"
EndProject
Project("{FAE04EC0-301F-11D3-BF4B-00C04F79EFBC}") = "Neutrino.Interfaces", "Neutrino.Interfaces\Neutrino.Interfaces.csproj", "{D0E43A2B-7E07-4FF8-B2CB-6B3BA58CCF47}"
EndProject
Project("{FAE04EC0-301F-11D3-BF4B-00C04F79EFBC}") = "Neutrino.Entities", "Neutrino.Business.Entities\Neutrino.Entities.csproj", "{223C1CAF-CAA4-4FFD-8E22-11566858A8FB}"
EndProject
Project("{FAE04EC0-301F-11D3-BF4B-00C04F79EFBC}") = "Neutrino.Data.EntityFramework", "Neutrino.DataAccess\Neutrino.Data.EntityFramework.csproj", "{F58DBA9D-0B74-4AC6-B3C8-BE32769D2D7F}"
EndProject
Project("{FAE04EC0-301F-11D3-BF4B-00C04F79EFBC}") = "Neutrino.ServiceTests", "Neutrino.External.ServiceTests\Neutrino.ServiceTests.csproj", "{E4955DFC-6BB0-4667-BD4C-0B1597973A9F}"
EndProject
Project("{FAE04EC0-301F-11D3-BF4B-00C04F79EFBC}") = "Neutrino.InjectModules", "Neutrino.InjectModules\Neutrino.InjectModules.csproj", "{849503C2-8E18-4A8A-9897-647E4CE2E3D7}"
EndProject
Global
	GlobalSection(SolutionConfigurationPlatforms) = preSolution
		Debug|Any CPU = Debug|Any CPU
		Release|Any CPU = Release|Any CPU
	EndGlobalSection
	GlobalSection(ProjectConfigurationPlatforms) = postSolution
		{C1777E7D-D5D3-4539-81D3-FF8878818F9B}.Debug|Any CPU.ActiveCfg = Debug|Any CPU
		{C1777E7D-D5D3-4539-81D3-FF8878818F9B}.Debug|Any CPU.Build.0 = Debug|Any CPU
		{C1777E7D-D5D3-4539-81D3-FF8878818F9B}.Release|Any CPU.ActiveCfg = Release|Any CPU
		{C1777E7D-D5D3-4539-81D3-FF8878818F9B}.Release|Any CPU.Build.0 = Release|Any CPU
		{C007CEF6-3BD3-43D6-AC76-0B60F3659E0A}.Debug|Any CPU.ActiveCfg = Debug|Any CPU
		{C007CEF6-3BD3-43D6-AC76-0B60F3659E0A}.Debug|Any CPU.Build.0 = Debug|Any CPU
		{C007CEF6-3BD3-43D6-AC76-0B60F3659E0A}.Release|Any CPU.ActiveCfg = Release|Any CPU
		{C007CEF6-3BD3-43D6-AC76-0B60F3659E0A}.Release|Any CPU.Build.0 = Release|Any CPU
		{B65DB914-F117-455F-97D3-4F208A9CDA96}.Debug|Any CPU.ActiveCfg = Debug|Any CPU
		{B65DB914-F117-455F-97D3-4F208A9CDA96}.Debug|Any CPU.Build.0 = Debug|Any CPU
		{B65DB914-F117-455F-97D3-4F208A9CDA96}.Release|Any CPU.ActiveCfg = Release|Any CPU
		{B65DB914-F117-455F-97D3-4F208A9CDA96}.Release|Any CPU.Build.0 = Release|Any CPU
		{E058864C-20A7-43C0-8EFF-0E4EB9D02855}.Debug|Any CPU.ActiveCfg = Debug|Any CPU
		{E058864C-20A7-43C0-8EFF-0E4EB9D02855}.Debug|Any CPU.Build.0 = Debug|Any CPU
		{E058864C-20A7-43C0-8EFF-0E4EB9D02855}.Release|Any CPU.ActiveCfg = Release|Any CPU
		{E058864C-20A7-43C0-8EFF-0E4EB9D02855}.Release|Any CPU.Build.0 = Release|Any CPU
		{02298FDD-EE84-47B1-97E9-11CF68B03ADC}.Debug|Any CPU.ActiveCfg = Debug|Any CPU
		{02298FDD-EE84-47B1-97E9-11CF68B03ADC}.Debug|Any CPU.Build.0 = Debug|Any CPU
		{02298FDD-EE84-47B1-97E9-11CF68B03ADC}.Release|Any CPU.ActiveCfg = Release|Any CPU
		{02298FDD-EE84-47B1-97E9-11CF68B03ADC}.Release|Any CPU.Build.0 = Release|Any CPU
		{D0E43A2B-7E07-4FF8-B2CB-6B3BA58CCF47}.Debug|Any CPU.ActiveCfg = Debug|Any CPU
		{D0E43A2B-7E07-4FF8-B2CB-6B3BA58CCF47}.Debug|Any CPU.Build.0 = Debug|Any CPU
		{D0E43A2B-7E07-4FF8-B2CB-6B3BA58CCF47}.Release|Any CPU.ActiveCfg = Release|Any CPU
		{D0E43A2B-7E07-4FF8-B2CB-6B3BA58CCF47}.Release|Any CPU.Build.0 = Release|Any CPU
		{223C1CAF-CAA4-4FFD-8E22-11566858A8FB}.Debug|Any CPU.ActiveCfg = Debug|Any CPU
		{223C1CAF-CAA4-4FFD-8E22-11566858A8FB}.Debug|Any CPU.Build.0 = Debug|Any CPU
		{223C1CAF-CAA4-4FFD-8E22-11566858A8FB}.Release|Any CPU.ActiveCfg = Release|Any CPU
		{223C1CAF-CAA4-4FFD-8E22-11566858A8FB}.Release|Any CPU.Build.0 = Release|Any CPU
		{F58DBA9D-0B74-4AC6-B3C8-BE32769D2D7F}.Debug|Any CPU.ActiveCfg = Debug|Any CPU
		{F58DBA9D-0B74-4AC6-B3C8-BE32769D2D7F}.Debug|Any CPU.Build.0 = Debug|Any CPU
		{F58DBA9D-0B74-4AC6-B3C8-BE32769D2D7F}.Release|Any CPU.ActiveCfg = Release|Any CPU
		{F58DBA9D-0B74-4AC6-B3C8-BE32769D2D7F}.Release|Any CPU.Build.0 = Release|Any CPU
		{E4955DFC-6BB0-4667-BD4C-0B1597973A9F}.Debug|Any CPU.ActiveCfg = Debug|Any CPU
		{E4955DFC-6BB0-4667-BD4C-0B1597973A9F}.Debug|Any CPU.Build.0 = Debug|Any CPU
		{E4955DFC-6BB0-4667-BD4C-0B1597973A9F}.Release|Any CPU.ActiveCfg = Release|Any CPU
		{E4955DFC-6BB0-4667-BD4C-0B1597973A9F}.Release|Any CPU.Build.0 = Release|Any CPU
		{849503C2-8E18-4A8A-9897-647E4CE2E3D7}.Debug|Any CPU.ActiveCfg = Debug|Any CPU
		{849503C2-8E18-4A8A-9897-647E4CE2E3D7}.Debug|Any CPU.Build.0 = Debug|Any CPU
		{849503C2-8E18-4A8A-9897-647E4CE2E3D7}.Release|Any CPU.ActiveCfg = Release|Any CPU
		{849503C2-8E18-4A8A-9897-647E4CE2E3D7}.Release|Any CPU.Build.0 = Release|Any CPU
	EndGlobalSection
	GlobalSection(SolutionProperties) = preSolution
		HideSolutionNode = FALSE
	EndGlobalSection
	GlobalSection(ExtensibilityGlobals) = postSolution
		SolutionGuid = {94A96031-EC8C-4388-849F-BA90A0E09BB1}
	EndGlobalSection
EndGlobal
